
Microsoft Visual Studio Solution File, Format Version 12.00
# Visual Studio Version 17
VisualStudioVersion = 17.3.32929.385
MinimumVisualStudioVersion = 10.0.40219.1
Project("{FAE04EC0-301F-11D3-BF4B-00C04F79EFBC}") = "LeetCodeProblems", "LeetCodeProblems\LeetCodeProblems.csproj", "{30ED8D63-4B53-48E7-B06A-3C1041A689DB}"
EndProject
Global
	GlobalSection(SolutionConfigurationPlatforms) = preSolution
		Debug|Any CPU = Debug|Any CPU
		Release|Any CPU = Release|Any CPU
	EndGlobalSection
	GlobalSection(ProjectConfigurationPlatforms) = postSolution
		{30ED8D63-4B53-48E7-B06A-3C1041A689DB}.Debug|Any CPU.ActiveCfg = Debug|Any CPU
		{30ED8D63-4B53-48E7-B06A-3C1041A689DB}.Debug|Any CPU.Build.0 = Debug|Any CPU
		{30ED8D63-4B53-48E7-B06A-3C1041A689DB}.Release|Any CPU.ActiveCfg = Release|Any CPU
		{30ED8D63-4B53-48E7-B06A-3C1041A689DB}.Release|Any CPU.Build.0 = Release|Any CPU
	EndGlobalSection
	GlobalSection(SolutionProperties) = preSolution
		HideSolutionNode = FALSE
	EndGlobalSection
	GlobalSection(ExtensibilityGlobals) = postSolution
		SolutionGuid = {B7829B23-6BEB-46E1-BB45-1F789BF2C48D}
	EndGlobalSection
EndGlobal
